
Microsoft Visual Studio Solution File, Format Version 12.00
# Visual Studio Version 16
VisualStudioVersion = 16.0.30804.86
MinimumVisualStudioVersion = 10.0.40219.1
Project("{FAE04EC0-301F-11D3-BF4B-00C04F79EFBC}") = "Falcon.WabAPI.Example", "Falcon.WabAPI.Example\Falcon.WabAPI.Example.csproj", "{B62859B0-FF2C-450E-B162-4EE6F18E0C11}"
EndProject
Project("{FAE04EC0-301F-11D3-BF4B-00C04F79EFBC}") = "Falcon.WabAPI", "Falcon.WabAPI\Falcon.WabAPI.csproj", "{489B182E-50D3-43EE-B818-0EC9863DA06B}"
EndProject
Global
	GlobalSection(SolutionConfigurationPlatforms) = preSolution
		Debug|Any CPU = Debug|Any CPU
		Release|Any CPU = Release|Any CPU
	EndGlobalSection
	GlobalSection(ProjectConfigurationPlatforms) = postSolution
		{B62859B0-FF2C-450E-B162-4EE6F18E0C11}.Debug|Any CPU.ActiveCfg = Debug|Any CPU
		{B62859B0-FF2C-450E-B162-4EE6F18E0C11}.Debug|Any CPU.Build.0 = Debug|Any CPU
		{B62859B0-FF2C-450E-B162-4EE6F18E0C11}.Release|Any CPU.ActiveCfg = Release|Any CPU
		{B62859B0-FF2C-450E-B162-4EE6F18E0C11}.Release|Any CPU.Build.0 = Release|Any CPU
		{489B182E-50D3-43EE-B818-0EC9863DA06B}.Debug|Any CPU.ActiveCfg = Debug|Any CPU
		{489B182E-50D3-43EE-B818-0EC9863DA06B}.Debug|Any CPU.Build.0 = Debug|Any CPU
		{489B182E-50D3-43EE-B818-0EC9863DA06B}.Release|Any CPU.ActiveCfg = Release|Any CPU
		{489B182E-50D3-43EE-B818-0EC9863DA06B}.Release|Any CPU.Build.0 = Release|Any CPU
	EndGlobalSection
	GlobalSection(SolutionProperties) = preSolution
		HideSolutionNode = FALSE
	EndGlobalSection
	GlobalSection(ExtensibilityGlobals) = postSolution
		SolutionGuid = {16AC358A-423E-4380-9DDE-16EDF3AA1CC2}
	EndGlobalSection
EndGlobal
